
Microsoft Visual Studio Solution File, Format Version 12.00
# Visual Studio Version 17
VisualStudioVersion = 17.4.33122.133
MinimumVisualStudioVersion = 10.0.40219.1
Project("{FAE04EC0-301F-11D3-BF4B-00C04F79EFBC}") = "Win-banco", "Win-banco\Win-banco.csproj", "{1875635D-9F66-4379-AF28-EF2DF5BC1D96}"
EndProject
Global
	GlobalSection(SolutionConfigurationPlatforms) = preSolution
		Debug|Any CPU = Debug|Any CPU
		Release|Any CPU = Release|Any CPU
	EndGlobalSection
	GlobalSection(ProjectConfigurationPlatforms) = postSolution
		{1875635D-9F66-4379-AF28-EF2DF5BC1D96}.Debug|Any CPU.ActiveCfg = Debug|Any CPU
		{1875635D-9F66-4379-AF28-EF2DF5BC1D96}.Debug|Any CPU.Build.0 = Debug|Any CPU
		{1875635D-9F66-4379-AF28-EF2DF5BC1D96}.Release|Any CPU.ActiveCfg = Release|Any CPU
		{1875635D-9F66-4379-AF28-EF2DF5BC1D96}.Release|Any CPU.Build.0 = Release|Any CPU
	EndGlobalSection
	GlobalSection(SolutionProperties) = preSolution
		HideSolutionNode = FALSE
	EndGlobalSection
	GlobalSection(ExtensibilityGlobals) = postSolution
		SolutionGuid = {D8E7A333-2AAD-461A-A010-45FDF192A8AE}
	EndGlobalSection
EndGlobal
