
Microsoft Visual Studio Solution File, Format Version 12.00
# Visual Studio Version 17
VisualStudioVersion = 17.4.33122.133
MinimumVisualStudioVersion = 10.0.40219.1
Project("{FAE04EC0-301F-11D3-BF4B-00C04F79EFBC}") = "Win_Timer", "Win_Timer\Win_Timer.csproj", "{7E1DEAF5-2E1F-4381-9E64-4E87D5CD88E3}"
EndProject
Global
	GlobalSection(SolutionConfigurationPlatforms) = preSolution
		Debug|Any CPU = Debug|Any CPU
		Release|Any CPU = Release|Any CPU
	EndGlobalSection
	GlobalSection(ProjectConfigurationPlatforms) = postSolution
		{7E1DEAF5-2E1F-4381-9E64-4E87D5CD88E3}.Debug|Any CPU.ActiveCfg = Debug|Any CPU
		{7E1DEAF5-2E1F-4381-9E64-4E87D5CD88E3}.Debug|Any CPU.Build.0 = Debug|Any CPU
		{7E1DEAF5-2E1F-4381-9E64-4E87D5CD88E3}.Release|Any CPU.ActiveCfg = Release|Any CPU
		{7E1DEAF5-2E1F-4381-9E64-4E87D5CD88E3}.Release|Any CPU.Build.0 = Release|Any CPU
	EndGlobalSection
	GlobalSection(SolutionProperties) = preSolution
		HideSolutionNode = FALSE
	EndGlobalSection
	GlobalSection(ExtensibilityGlobals) = postSolution
		SolutionGuid = {A3F3F574-9773-40AC-8636-726EAFB16D27}
	EndGlobalSection
EndGlobal
