
Microsoft Visual Studio Solution File, Format Version 12.00
# Visual Studio Version 17
VisualStudioVersion = 17.4.33213.308
MinimumVisualStudioVersion = 10.0.40219.1
Project("{FAE04EC0-301F-11D3-BF4B-00C04F79EFBC}") = "Win_Banco02", "Win_Banco02\Win_Banco02.csproj", "{1408D0B3-D20E-4B13-B924-BA0772FE1D99}"
EndProject
Global
	GlobalSection(SolutionConfigurationPlatforms) = preSolution
		Debug|Any CPU = Debug|Any CPU
		Release|Any CPU = Release|Any CPU
	EndGlobalSection
	GlobalSection(ProjectConfigurationPlatforms) = postSolution
		{1408D0B3-D20E-4B13-B924-BA0772FE1D99}.Debug|Any CPU.ActiveCfg = Debug|Any CPU
		{1408D0B3-D20E-4B13-B924-BA0772FE1D99}.Debug|Any CPU.Build.0 = Debug|Any CPU
		{1408D0B3-D20E-4B13-B924-BA0772FE1D99}.Release|Any CPU.ActiveCfg = Release|Any CPU
		{1408D0B3-D20E-4B13-B924-BA0772FE1D99}.Release|Any CPU.Build.0 = Release|Any CPU
	EndGlobalSection
	GlobalSection(SolutionProperties) = preSolution
		HideSolutionNode = FALSE
	EndGlobalSection
	GlobalSection(ExtensibilityGlobals) = postSolution
		SolutionGuid = {318B2B43-8CC4-40AA-A6B1-D83A9F8FC1DA}
	EndGlobalSection
EndGlobal
