
Microsoft Visual Studio Solution File, Format Version 12.00
# Visual Studio Version 17
VisualStudioVersion = 17.4.33122.133
MinimumVisualStudioVersion = 10.0.40219.1
Project("{FAE04EC0-301F-11D3-BF4B-00C04F79EFBC}") = "Win_DateTimerPicker_100323", "Win_DateTimerPicker_100323\Win_DateTimerPicker_100323.csproj", "{C26501B0-C33C-46EC-A8E8-C0D58EBCB983}"
EndProject
Global
	GlobalSection(SolutionConfigurationPlatforms) = preSolution
		Debug|Any CPU = Debug|Any CPU
		Release|Any CPU = Release|Any CPU
	EndGlobalSection
	GlobalSection(ProjectConfigurationPlatforms) = postSolution
		{C26501B0-C33C-46EC-A8E8-C0D58EBCB983}.Debug|Any CPU.ActiveCfg = Debug|Any CPU
		{C26501B0-C33C-46EC-A8E8-C0D58EBCB983}.Debug|Any CPU.Build.0 = Debug|Any CPU
		{C26501B0-C33C-46EC-A8E8-C0D58EBCB983}.Release|Any CPU.ActiveCfg = Release|Any CPU
		{C26501B0-C33C-46EC-A8E8-C0D58EBCB983}.Release|Any CPU.Build.0 = Release|Any CPU
	EndGlobalSection
	GlobalSection(SolutionProperties) = preSolution
		HideSolutionNode = FALSE
	EndGlobalSection
	GlobalSection(ExtensibilityGlobals) = postSolution
		SolutionGuid = {1290A2BB-D6F0-48E2-9372-61D8A099FACF}
	EndGlobalSection
EndGlobal
