
Microsoft Visual Studio Solution File, Format Version 12.00
# Visual Studio Version 17
VisualStudioVersion = 17.4.33122.133
MinimumVisualStudioVersion = 10.0.40219.1
Project("{FAE04EC0-301F-11D3-BF4B-00C04F79EFBC}") = "Win_TabControlDataGridView", "Win_TabControlDataGridView\Win_TabControlDataGridView.csproj", "{879AE120-3DE7-4259-94C5-8037FD420673}"
EndProject
Global
	GlobalSection(SolutionConfigurationPlatforms) = preSolution
		Debug|Any CPU = Debug|Any CPU
		Release|Any CPU = Release|Any CPU
	EndGlobalSection
	GlobalSection(ProjectConfigurationPlatforms) = postSolution
		{879AE120-3DE7-4259-94C5-8037FD420673}.Debug|Any CPU.ActiveCfg = Debug|Any CPU
		{879AE120-3DE7-4259-94C5-8037FD420673}.Debug|Any CPU.Build.0 = Debug|Any CPU
		{879AE120-3DE7-4259-94C5-8037FD420673}.Release|Any CPU.ActiveCfg = Release|Any CPU
		{879AE120-3DE7-4259-94C5-8037FD420673}.Release|Any CPU.Build.0 = Release|Any CPU
	EndGlobalSection
	GlobalSection(SolutionProperties) = preSolution
		HideSolutionNode = FALSE
	EndGlobalSection
	GlobalSection(ExtensibilityGlobals) = postSolution
		SolutionGuid = {9553D3DC-2757-4EEE-841F-52ACBB017907}
	EndGlobalSection
EndGlobal
