
Microsoft Visual Studio Solution File, Format Version 12.00
# Visual Studio Version 17
VisualStudioVersion = 17.4.33122.133
MinimumVisualStudioVersion = 10.0.40219.1
Project("{FAE04EC0-301F-11D3-BF4B-00C04F79EFBC}") = "Win_Dobro", "Win_Dobro\Win_Dobro.csproj", "{08DC242E-B194-4B1D-A34A-F92BABFE4B51}"
EndProject
Global
	GlobalSection(SolutionConfigurationPlatforms) = preSolution
		Debug|Any CPU = Debug|Any CPU
		Release|Any CPU = Release|Any CPU
	EndGlobalSection
	GlobalSection(ProjectConfigurationPlatforms) = postSolution
		{08DC242E-B194-4B1D-A34A-F92BABFE4B51}.Debug|Any CPU.ActiveCfg = Debug|Any CPU
		{08DC242E-B194-4B1D-A34A-F92BABFE4B51}.Debug|Any CPU.Build.0 = Debug|Any CPU
		{08DC242E-B194-4B1D-A34A-F92BABFE4B51}.Release|Any CPU.ActiveCfg = Release|Any CPU
		{08DC242E-B194-4B1D-A34A-F92BABFE4B51}.Release|Any CPU.Build.0 = Release|Any CPU
	EndGlobalSection
	GlobalSection(SolutionProperties) = preSolution
		HideSolutionNode = FALSE
	EndGlobalSection
	GlobalSection(ExtensibilityGlobals) = postSolution
		SolutionGuid = {80AC6C6B-817F-4B31-ACAF-47A89EC30EAE}
	EndGlobalSection
EndGlobal
